
Microsoft Visual Studio Solution File, Format Version 12.00
# Visual Studio Version 17
VisualStudioVersion = 17.3.32901.215
MinimumVisualStudioVersion = 10.0.40219.1
Project("{9A19103F-16F7-4668-BE54-9A1E7A4F7556}") = "BlobScanner.ConsoleApp", "BlobScanner.Console\BlobScanner.ConsoleApp.csproj", "{21C77584-553B-4ACE-9755-FF55D26076E3}"
EndProject
Project("{FAE04EC0-301F-11D3-BF4B-00C04F79EFBC}") = "BlobScanner.ResultProcessor", "BlobScanner.ResultProcessor\BlobScanner.ResultProcessor.csproj", "{F8B35700-68C4-46AA-B7CD-748EA8C4DF57}"
EndProject
Project("{2150E333-8FDC-42A3-9474-1A3956D46DE8}") = "Deployment", "Deployment", "{46A01F72-CDE8-4CF7-9562-4F6B5E287A53}"
	ProjectSection(SolutionItems) = preProject
		main.bicep = main.bicep
EndProject
Global
	GlobalSection(SolutionConfigurationPlatforms) = preSolution
		Debug|Any CPU = Debug|Any CPU
		Release|Any CPU = Release|Any CPU
	EndGlobalSection
	GlobalSection(ProjectConfigurationPlatforms) = postSolution
		{21C77584-553B-4ACE-9755-FF55D26076E3}.Debug|Any CPU.ActiveCfg = Debug|Any CPU
		{21C77584-553B-4ACE-9755-FF55D26076E3}.Debug|Any CPU.Build.0 = Debug|Any CPU
		{21C77584-553B-4ACE-9755-FF55D26076E3}.Release|Any CPU.ActiveCfg = Release|Any CPU
		{21C77584-553B-4ACE-9755-FF55D26076E3}.Release|Any CPU.Build.0 = Release|Any CPU
		{F8B35700-68C4-46AA-B7CD-748EA8C4DF57}.Debug|Any CPU.ActiveCfg = Debug|Any CPU
		{F8B35700-68C4-46AA-B7CD-748EA8C4DF57}.Debug|Any CPU.Build.0 = Debug|Any CPU
		{F8B35700-68C4-46AA-B7CD-748EA8C4DF57}.Release|Any CPU.ActiveCfg = Release|Any CPU
		{F8B35700-68C4-46AA-B7CD-748EA8C4DF57}.Release|Any CPU.Build.0 = Release|Any CPU
	EndGlobalSection
	GlobalSection(SolutionProperties) = preSolution
		HideSolutionNode = FALSE
	EndGlobalSection
	GlobalSection(ExtensibilityGlobals) = postSolution
		SolutionGuid = {C43D7468-536D-4C78-B055-CA79A558C1AD}
	EndGlobalSection
EndGlobal
