
Microsoft Visual Studio Solution File, Format Version 12.00
# Visual Studio Version 17
VisualStudioVersion = 17.3.32901.215
MinimumVisualStudioVersion = 10.0.40219.1
Project("{FAE04EC0-301F-11D3-BF4B-00C04F79EFBC}") = "BlobScanner.Console", "BlobScanner.Console\BlobScanner.Console.csproj", "{21C77584-553B-4ACE-9755-FF55D26076E3}"
EndProject
Global
	GlobalSection(SolutionConfigurationPlatforms) = preSolution
		Debug|Any CPU = Debug|Any CPU
		Release|Any CPU = Release|Any CPU
	EndGlobalSection
	GlobalSection(ProjectConfigurationPlatforms) = postSolution
		{21C77584-553B-4ACE-9755-FF55D26076E3}.Debug|Any CPU.ActiveCfg = Debug|Any CPU
		{21C77584-553B-4ACE-9755-FF55D26076E3}.Debug|Any CPU.Build.0 = Debug|Any CPU
		{21C77584-553B-4ACE-9755-FF55D26076E3}.Release|Any CPU.ActiveCfg = Release|Any CPU
		{21C77584-553B-4ACE-9755-FF55D26076E3}.Release|Any CPU.Build.0 = Release|Any CPU
	EndGlobalSection
	GlobalSection(SolutionProperties) = preSolution
		HideSolutionNode = FALSE
	EndGlobalSection
	GlobalSection(ExtensibilityGlobals) = postSolution
		SolutionGuid = {C43D7468-536D-4C78-B055-CA79A558C1AD}
	EndGlobalSection
EndGlobal
